schema: '2.0'
stages:
  ingest:
    cmd: python -m src.ingest.loader
    deps:
    - path: params.yaml
      hash: md5
      md5: ec685596dba4664584e6cc679d720a2d
      size: 400
    - path: src/ingest/loader.py
      hash: md5
      md5: 66e93dc6cbd5b47fd60bdf2a4aa6d31b
      size: 947
    outs:
    - path: data/interim/recipes_interim.parquet
      hash: md5
      md5: 70f4431990b9097239f961c83781fffb
      size: 300791923
  clean:
    cmd: python -m src.ingest.clean
    deps:
    - path: data/interim/recipes_interim.parquet
      hash: md5
      md5: 70f4431990b9097239f961c83781fffb
      size: 300791923
    - path: params.yaml
      hash: md5
      md5: ec685596dba4664584e6cc679d720a2d
      size: 400
    - path: src/ingest/clean.py
      hash: md5
      md5: d327837149f9303b2c88ed62b14ddacb
      size: 2105
    outs:
    - path: data/processed/recipes_clean.parquet
      hash: md5
      md5: d958cf9caf6376ea3e1204df6a99fdef
      size: 279161806
  chunk:
    cmd: python -m src.index.chunk
    deps:
    - path: data/processed/recipes_clean.parquet
      hash: md5
      md5: d958cf9caf6376ea3e1204df6a99fdef
      size: 279161806
    - path: params.yaml
      hash: md5
      md5: ec685596dba4664584e6cc679d720a2d
      size: 400
    - path: src/index/chunk.py
      hash: md5
      md5: e24e8f167441c2e24ff9a174982960ac
      size: 3926
    outs:
    - path: data/processed/chunks.parquet
      hash: md5
      md5: 8d732fa1f0c13730b0dc6c55abe2d30f
      size: 348586297
